// !$*UTF8*$!
{
	archiveVersion = 1;
	classes = {
	};
	objectVersion = 56;
	objects = {

/* Begin PBXBuildFile section */
		873459D42912618B00C5A3DF /* MapViewState.swift in Sources */ = {isa = PBXBuildFile; fileRef = 873459D32912618B00C5A3DF /* MapViewState.swift */; };
		873459D929127C5500C5A3DF /* RideRequestView.swift in Sources */ = {isa = PBXBuildFile; fileRef = 873459D829127C5500C5A3DF /* RideRequestView.swift */; };
		873459DB2912B54E00C5A3DF /* RideType.swift in Sources */ = {isa = PBXBuildFile; fileRef = 873459DA2912B54E00C5A3DF /* RideType.swift */; };
		873459DD2912CDFC00C5A3DF /* Double.swift in Sources */ = {isa = PBXBuildFile; fileRef = 873459DC2912CDFC00C5A3DF /* Double.swift */; };
		873459DF2912D26700C5A3DF /* UberLocation.swift in Sources */ = {isa = PBXBuildFile; fileRef = 873459DE2912D26700C5A3DF /* UberLocation.swift */; };
		873459E12912DC0F00C5A3DF /* Color.swift in Sources */ = {isa = PBXBuildFile; fileRef = 873459E02912DC0F00C5A3DF /* Color.swift */; };
		87CCB7F32911526B005A9553 /* UberApp.swift in Sources */ = {isa = PBXBuildFile; fileRef = 87CCB7F22911526B005A9553 /* UberApp.swift */; };
		87CCB7F72911526C005A9553 /* Assets.xcassets in Resources */ = {isa = PBXBuildFile; fileRef = 87CCB7F62911526C005A9553 /* Assets.xcassets */; };
		87CCB7FA2911526C005A9553 /* Preview Assets.xcassets in Resources */ = {isa = PBXBuildFile; fileRef = 87CCB7F92911526C005A9553 /* Preview Assets.xcassets */; };
		87CCB80D29115412005A9553 /* HomeView.swift in Sources */ = {isa = PBXBuildFile; fileRef = 87CCB80C29115412005A9553 /* HomeView.swift */; };
		87CCB80F29115478005A9553 /* LocationSearchViewModel.swift in Sources */ = {isa = PBXBuildFile; fileRef = 87CCB80E29115478005A9553 /* LocationSearchViewModel.swift */; };
		87CCB81329115498005A9553 /* LocationSearchActivationView.swift in Sources */ = {isa = PBXBuildFile; fileRef = 87CCB81029115497005A9553 /* LocationSearchActivationView.swift */; };
		87CCB81429115498005A9553 /* LocationSearchResoultCell.swift in Sources */ = {isa = PBXBuildFile; fileRef = 87CCB81129115498005A9553 /* LocationSearchResoultCell.swift */; };
		87CCB81529115498005A9553 /* LocationSearchView.swift in Sources */ = {isa = PBXBuildFile; fileRef = 87CCB81229115498005A9553 /* LocationSearchView.swift */; };
		87CCB819291155E5005A9553 /* MapViewActionButton.swift in Sources */ = {isa = PBXBuildFile; fileRef = 87CCB818291155E5005A9553 /* MapViewActionButton.swift */; };
		87CCB81B291155E8005A9553 /* UberMapViewRepresentable.swift in Sources */ = {isa = PBXBuildFile; fileRef = 87CCB81A291155E8005A9553 /* UberMapViewRepresentable.swift */; };
		87CCB81D29115668005A9553 /* LocationManager.swift in Sources */ = {isa = PBXBuildFile; fileRef = 87CCB81C29115668005A9553 /* LocationManager.swift */; };
/* End PBXBuildFile section */

/* Begin PBXFileReference section */
		873459D32912618B00C5A3DF /* MapViewState.swift */ = {isa = PBXFileReference; lastKnownFileType = sourcecode.swift; path = MapViewState.swift; sourceTree = "<group>"; };
		873459D829127C5500C5A3DF /* RideRequestView.swift */ = {isa = PBXFileReference; lastKnownFileType = sourcecode.swift; path = RideRequestView.swift; sourceTree = "<group>"; };
		873459DA2912B54E00C5A3DF /* RideType.swift */ = {isa = PBXFileReference; lastKnownFileType = sourcecode.swift; path = RideType.swift; sourceTree = "<group>"; };
		873459DC2912CDFC00C5A3DF /* Double.swift */ = {isa = PBXFileReference; lastKnownFileType = sourcecode.swift; path = Double.swift; sourceTree = "<group>"; };
		873459DE2912D26700C5A3DF /* UberLocation.swift */ = {isa = PBXFileReference; lastKnownFileType = sourcecode.swift; path = UberLocation.swift; sourceTree = "<group>"; };
		873459E02912DC0F00C5A3DF /* Color.swift */ = {isa = PBXFileReference; lastKnownFileType = sourcecode.swift; path = Color.swift; sourceTree = "<group>"; };
		87CCB7EF2911526B005A9553 /* Uber.app */ = {isa = PBXFileReference; explicitFileType = wrapper.application; includeInIndex = 0; path = Uber.app; sourceTree = BUILT_PRODUCTS_DIR; };
		87CCB7F22911526B005A9553 /* UberApp.swift */ = {isa = PBXFileReference; lastKnownFileType = sourcecode.swift; path = UberApp.swift; sourceTree = "<group>"; };
		87CCB7F62911526C005A9553 /* Assets.xcassets */ = {isa = PBXFileReference; lastKnownFileType = folder.assetcatalog; path = Assets.xcassets; sourceTree = "<group>"; };
		87CCB7F92911526C005A9553 /* Preview Assets.xcassets */ = {isa = PBXFileReference; lastKnownFileType = folder.assetcatalog; path = "Preview Assets.xcassets"; sourceTree = "<group>"; };
		87CCB80C29115412005A9553 /* HomeView.swift */ = {isa = PBXFileReference; lastKnownFileType = sourcecode.swift; path = HomeView.swift; sourceTree = "<group>"; };
		87CCB80E29115478005A9553 /* LocationSearchViewModel.swift */ = {isa = PBXFileReference; fileEncoding = 4; lastKnownFileType = sourcecode.swift; name = LocationSearchViewModel.swift; path = ../../../../../TaxiApp/FelitApp/Core/EmotionSearch/ViewModel/LocationSearchViewModel.swift; sourceTree = "<group>"; };
		87CCB81029115497005A9553 /* LocationSearchActivationView.swift */ = {isa = PBXFileReference; fileEncoding = 4; lastKnownFileType = sourcecode.swift; name = LocationSearchActivationView.swift; path = ../../../../../TaxiApp/FelitApp/Core/EmotionSearch/View/LocationSearchActivationView.swift; sourceTree = "<group>"; };
		87CCB81129115498005A9553 /* LocationSearchResoultCell.swift */ = {isa = PBXFileReference; fileEncoding = 4; lastKnownFileType = sourcecode.swift; name = LocationSearchResoultCell.swift; path = ../../../../../TaxiApp/FelitApp/Core/EmotionSearch/View/LocationSearchResoultCell.swift; sourceTree = "<group>"; };
		87CCB81229115498005A9553 /* LocationSearchView.swift */ = {isa = PBXFileReference; fileEncoding = 4; lastKnownFileType = sourcecode.swift; name = LocationSearchView.swift; path = ../../../../../TaxiApp/FelitApp/Core/EmotionSearch/View/LocationSearchView.swift; sourceTree = "<group>"; };
		87CCB818291155E5005A9553 /* MapViewActionButton.swift */ = {isa = PBXFileReference; fileEncoding = 4; lastKnownFileType = sourcecode.swift; name = MapViewActionButton.swift; path = ../../../../../TaxiApp/FelitApp/Core/Home/View/MapViewActionButton.swift; sourceTree = "<group>"; };
		87CCB81A291155E8005A9553 /* UberMapViewRepresentable.swift */ = {isa = PBXFileReference; lastKnownFileType = sourcecode.swift; path = UberMapViewRepresentable.swift; sourceTree = "<group>"; };
		87CCB81C29115668005A9553 /* LocationManager.swift */ = {isa = PBXFileReference; fileEncoding = 4; lastKnownFileType = sourcecode.swift; name = LocationManager.swift; path = ../../../TaxiApp/FelitApp/Managers/LocationManager.swift; sourceTree = "<group>"; };
		87CCB81E29116078005A9553 /* Info.plist */ = {isa = PBXFileReference; lastKnownFileType = text.plist; path = Info.plist; sourceTree = "<group>"; };
/* End PBXFileReference section */

/* Begin PBXFrameworksBuildPhase section */
		87CCB7EC2911526B005A9553 /* Frameworks */ = {
			isa = PBXFrameworksBuildPhase;
			buildActionMask = 2147483647;
			files = (
			);
			runOnlyForDeploymentPostprocessing = 0;
		};
/* End PBXFrameworksBuildPhase section */

/* Begin PBXGroup section */
		873459D52912787E00C5A3DF /* Trips */ = {
			isa = PBXGroup;
			children = (
				873459D829127C5500C5A3DF /* RideRequestView.swift */,
			);
			path = Trips;
			sourceTree = "<group>";
		};
		87CCB7E62911526B005A9553 = {
			isa = PBXGroup;
			children = (
				87CCB7F12911526B005A9553 /* Uber */,
				87CCB7F02911526B005A9553 /* Products */,
			);
			sourceTree = "<group>";
		};
		87CCB7F02911526B005A9553 /* Products */ = {
			isa = PBXGroup;
			children = (
				87CCB7EF2911526B005A9553 /* Uber.app */,
			);
			name = Products;
			sourceTree = "<group>";
		};
		87CCB7F12911526B005A9553 /* Uber */ = {
			isa = PBXGroup;
			children = (
				87CCB81E29116078005A9553 /* Info.plist */,
				87CCB800291152AE005A9553 /* App */,
				87CCB801291152B5005A9553 /* Core */,
				87CCB802291152BC005A9553 /* Extensions */,
				87CCB805291152ED005A9553 /* Managers */,
				87CCB804291152D1005A9553 /* Models */,
				87CCB7F62911526C005A9553 /* Assets.xcassets */,
				87CCB7F82911526C005A9553 /* Preview Content */,
			);
			path = Uber;
			sourceTree = "<group>";
		};
		87CCB7F82911526C005A9553 /* Preview Content */ = {
			isa = PBXGroup;
			children = (
				87CCB7F92911526C005A9553 /* Preview Assets.xcassets */,
			);
			path = "Preview Content";
			sourceTree = "<group>";
		};
		87CCB800291152AE005A9553 /* App */ = {
			isa = PBXGroup;
			children = (
				87CCB7F22911526B005A9553 /* UberApp.swift */,
			);
			path = App;
			sourceTree = "<group>";
		};
		87CCB801291152B5005A9553 /* Core */ = {
			isa = PBXGroup;
			children = (
				873459D52912787E00C5A3DF /* Trips */,
				87CCB8082911536A005A9553 /* LocationSearch */,
				87CCB8092911538A005A9553 /* Home */,
			);
			path = Core;
			sourceTree = "<group>";
		};
		87CCB802291152BC005A9553 /* Extensions */ = {
			isa = PBXGroup;
			children = (
				873459DC2912CDFC00C5A3DF /* Double.swift */,
				873459E02912DC0F00C5A3DF /* Color.swift */,
			);
			path = Extensions;
			sourceTree = "<group>";
		};
		87CCB804291152D1005A9553 /* Models */ = {
			isa = PBXGroup;
			children = (
				873459D32912618B00C5A3DF /* MapViewState.swift */,
				873459DA2912B54E00C5A3DF /* RideType.swift */,
				873459DE2912D26700C5A3DF /* UberLocation.swift */,
			);
			path = Models;
			sourceTree = "<group>";
		};
		87CCB805291152ED005A9553 /* Managers */ = {
			isa = PBXGroup;
			children = (
				87CCB81C29115668005A9553 /* LocationManager.swift */,
			);
			path = Managers;
			sourceTree = "<group>";
		};
		87CCB80629115319005A9553 /* ViewModel */ = {
			isa = PBXGroup;
			children = (
				87CCB80E29115478005A9553 /* LocationSearchViewModel.swift */,
			);
			path = ViewModel;
			sourceTree = "<group>";
		};
		87CCB8072911532C005A9553 /* Views */ = {
			isa = PBXGroup;
			children = (
				87CCB81029115497005A9553 /* LocationSearchActivationView.swift */,
				87CCB81229115498005A9553 /* LocationSearchView.swift */,
				87CCB81129115498005A9553 /* LocationSearchResoultCell.swift */,
			);
			path = Views;
			sourceTree = "<group>";
		};
		87CCB8082911536A005A9553 /* LocationSearch */ = {
			isa = PBXGroup;
			children = (
				87CCB80629115319005A9553 /* ViewModel */,
				87CCB8072911532C005A9553 /* Views */,
			);
			path = LocationSearch;
			sourceTree = "<group>";
		};
		87CCB8092911538A005A9553 /* Home */ = {
			isa = PBXGroup;
			children = (
				87CCB80A291153B0005A9553 /* View */,
				87CCB80B291153B9005A9553 /* ViewModel */,
			);
			path = Home;
			sourceTree = "<group>";
		};
		87CCB80A291153B0005A9553 /* View */ = {
			isa = PBXGroup;
			children = (
				87CCB80C29115412005A9553 /* HomeView.swift */,
				87CCB81A291155E8005A9553 /* UberMapViewRepresentable.swift */,
				87CCB818291155E5005A9553 /* MapViewActionButton.swift */,
			);
			path = View;
			sourceTree = "<group>";
		};
		87CCB80B291153B9005A9553 /* ViewModel */ = {
			isa = PBXGroup;
			children = (
			);
			path = ViewModel;
			sourceTree = "<group>";
		};
/* End PBXGroup section */

/* Begin PBXNativeTarget section */
		87CCB7EE2911526B005A9553 /* Uber */ = {
			isa = PBXNativeTarget;
			buildConfigurationList = 87CCB7FD2911526C005A9553 /* Build configuration list for PBXNativeTarget "Uber" */;
			buildPhases = (
				87CCB7EB2911526B005A9553 /* Sources */,
				87CCB7EC2911526B005A9553 /* Frameworks */,
				87CCB7ED2911526B005A9553 /* Resources */,
			);
			buildRules = (
			);
			dependencies = (
			);
			name = Uber;
			productName = Uber;
			productReference = 87CCB7EF2911526B005A9553 /* Uber.app */;
			productType = "com.apple.product-type.application";
		};
/* End PBXNativeTarget section */

/* Begin PBXProject section */
		87CCB7E72911526B005A9553 /* Project object */ = {
			isa = PBXProject;
			attributes = {
				BuildIndependentTargetsInParallel = 1;
				LastSwiftUpdateCheck = 1400;
				LastUpgradeCheck = 1400;
				TargetAttributes = {
					87CCB7EE2911526B005A9553 = {
						CreatedOnToolsVersion = 14.0.1;
					};
				};
			};
			buildConfigurationList = 87CCB7EA2911526B005A9553 /* Build configuration list for PBXProject "Uber" */;
			compatibilityVersion = "Xcode 14.0";
			developmentRegion = en;
			hasScannedForEncodings = 0;
			knownRegions = (
				en,
				Base,
			);
			mainGroup = 87CCB7E62911526B005A9553;
			productRefGroup = 87CCB7F02911526B005A9553 /* Products */;
			projectDirPath = "";
			projectRoot = "";
			targets = (
				87CCB7EE2911526B005A9553 /* Uber */,
			);
		};
/* End PBXProject section */

/* Begin PBXResourcesBuildPhase section */
		87CCB7ED2911526B005A9553 /* Resources */ = {
			isa = PBXResourcesBuildPhase;
			buildActionMask = 2147483647;
			files = (
				87CCB7FA2911526C005A9553 /* Preview Assets.xcassets in Resources */,
				87CCB7F72911526C005A9553 /* Assets.xcassets in Resources */,
			);
			runOnlyForDeploymentPostprocessing = 0;
		};
/* End PBXResourcesBuildPhase section */

/* Begin PBXSourcesBuildPhase section */
		87CCB7EB2911526B005A9553 /* Sources */ = {
			isa = PBXSourcesBuildPhase;
			buildActionMask = 2147483647;
			files = (
				87CCB81529115498005A9553 /* LocationSearchView.swift in Sources */,
				87CCB81B291155E8005A9553 /* UberMapViewRepresentable.swift in Sources */,
				87CCB81D29115668005A9553 /* LocationManager.swift in Sources */,
				873459D929127C5500C5A3DF /* RideRequestView.swift in Sources */,
				873459DD2912CDFC00C5A3DF /* Double.swift in Sources */,
				873459D42912618B00C5A3DF /* MapViewState.swift in Sources */,
				87CCB80F29115478005A9553 /* LocationSearchViewModel.swift in Sources */,
				87CCB7F32911526B005A9553 /* UberApp.swift in Sources */,
				873459E12912DC0F00C5A3DF /* Color.swift in Sources */,
				87CCB81329115498005A9553 /* LocationSearchActivationView.swift in Sources */,
				87CCB81429115498005A9553 /* LocationSearchResoultCell.swift in Sources */,
				873459DF2912D26700C5A3DF /* UberLocation.swift in Sources */,
				87CCB80D29115412005A9553 /* HomeView.swift in Sources */,
				87CCB819291155E5005A9553 /* MapViewActionButton.swift in Sources */,
				873459DB2912B54E00C5A3DF /* RideType.swift in Sources */,
			);
			runOnlyForDeploymentPostprocessing = 0;
		};
/* End PBXSourcesBuildPhase section */

/* Begin XCBuildConfiguration section */
		87CCB7FB2911526C005A9553 /* Debug */ = {
			isa = XCBuildConfiguration;
			buildSettings = {
				ALWAYS_SEARCH_USER_PATHS = NO;
				CLANG_ANALYZER_NONNULL = YES;
				CLANG_ANALYZER_NUMBER_OBJECT_CONVERSION = YES_AGGRESSIVE;
				CLANG_CXX_LANGUAGE_STANDARD = "gnu++20";
				CLANG_ENABLE_MODULES = YES;
				CLANG_ENABLE_OBJC_ARC = YES;
				CLANG_ENABLE_OBJC_WEAK = YES;
				CLANG_WARN_BLOCK_CAPTURE_AUTORELEASING = YES;
				CLANG_WARN_BOOL_CONVERSION = YES;
				CLANG_WARN_COMMA = YES;
				CLANG_WARN_CONSTANT_CONVERSION = YES;
				CLANG_WARN_DEPRECATED_OBJC_IMPLEMENTATIONS = YES;
				CLANG_WARN_DIRECT_OBJC_ISA_USAGE = YES_ERROR;
				CLANG_WARN_DOCUMENTATION_COMMENTS = YES;
				CLANG_WARN_EMPTY_BODY = YES;
				CLANG_WARN_ENUM_CONVERSION = YES;
				CLANG_WARN_INFINITE_RECURSION = YES;
				CLANG_WARN_INT_CONVERSION = YES;
				CLANG_WARN_NON_LITERAL_NULL_CONVERSION = YES;
				CLANG_WARN_OBJC_IMPLICIT_RETAIN_SELF = YES;
				CLANG_WARN_OBJC_LITERAL_CONVERSION = YES;
				CLANG_WARN_OBJC_ROOT_CLASS = YES_ERROR;
				CLANG_WARN_QUOTED_INCLUDE_IN_FRAMEWORK_HEADER = YES;
				CLANG_WARN_RANGE_LOOP_ANALYSIS = YES;
				CLANG_WARN_STRICT_PROTOTYPES = YES;
				CLANG_WARN_SUSPICIOUS_MOVE = YES;
				CLANG_WARN_UNGUARDED_AVAILABILITY = YES_AGGRESSIVE;
				CLANG_WARN_UNREACHABLE_CODE = YES;
				CLANG_WARN__DUPLICATE_METHOD_MATCH = YES;
				COPY_PHASE_STRIP = NO;
				DEBUG_ACTIVITY_MODE = "";
				"DEBUG_ACTIVITY_MODE[sdk=iphonesimulator*]" = disable;
				DEBUG_INFORMATION_FORMAT = dwarf;
				ENABLE_STRICT_OBJC_MSGSEND = YES;
				ENABLE_TESTABILITY = YES;
				GCC_C_LANGUAGE_STANDARD = gnu11;
				GCC_DYNAMIC_NO_PIC = NO;
				GCC_NO_COMMON_BLOCKS = YES;
				GCC_OPTIMIZATION_LEVEL = 0;
				GCC_PREPROCESSOR_DEFINITIONS = (
					"DEBUG=1",
					"$(inherited)",
				);
				GCC_WARN_64_TO_32_BIT_CONVERSION = YES;
				GCC_WARN_ABOUT_RETURN_TYPE = YES_ERROR;
				GCC_WARN_UNDECLARED_SELECTOR = YES;
				GCC_WARN_UNINITIALIZED_AUTOS = YES_AGGRESSIVE;
				GCC_WARN_UNUSED_FUNCTION = YES;
				GCC_WARN_UNUSED_VARIABLE = YES;
				IPHONEOS_DEPLOYMENT_TARGET = 15.1;
				MTL_ENABLE_DEBUG_INFO = INCLUDE_SOURCE;
				MTL_FAST_MATH = YES;
				ONLY_ACTIVE_ARCH = YES;
				SDKROOT = iphoneos;
				SWIFT_ACTIVE_COMPILATION_CONDITIONS = DEBUG;
				SWIFT_OPTIMIZATION_LEVEL = "-Onone";
			};
			name = Debug;
		};
		87CCB7FC2911526C005A9553 /* Release */ = {
			isa = XCBuildConfiguration;
			buildSettings = {
				ALWAYS_SEARCH_USER_PATHS = NO;
				CLANG_ANALYZER_NONNULL = YES;
				CLANG_ANALYZER_NUMBER_OBJECT_CONVERSION = YES_AGGRESSIVE;
				CLANG_CXX_LANGUAGE_STANDARD = "gnu++20";
				CLANG_ENABLE_MODULES = YES;
				CLANG_ENABLE_OBJC_ARC = YES;
				CLANG_ENABLE_OBJC_WEAK = YES;
				CLANG_WARN_BLOCK_CAPTURE_AUTORELEASING = YES;
				CLANG_WARN_BOOL_CONVERSION = YES;
				CLANG_WARN_COMMA = YES;
				CLANG_WARN_CONSTANT_CONVERSION = YES;
				CLANG_WARN_DEPRECATED_OBJC_IMPLEMENTATIONS = YES;
				CLANG_WARN_DIRECT_OBJC_ISA_USAGE = YES_ERROR;
				CLANG_WARN_DOCUMENTATION_COMMENTS = YES;
				CLANG_WARN_EMPTY_BODY = YES;
				CLANG_WARN_ENUM_CONVERSION = YES;
				CLANG_WARN_INFINITE_RECURSION = YES;
				CLANG_WARN_INT_CONVERSION = YES;
				CLANG_WARN_NON_LITERAL_NULL_CONVERSION = YES;
				CLANG_WARN_OBJC_IMPLICIT_RETAIN_SELF = YES;
				CLANG_WARN_OBJC_LITERAL_CONVERSION = YES;
				CLANG_WARN_OBJC_ROOT_CLASS = YES_ERROR;
				CLANG_WARN_QUOTED_INCLUDE_IN_FRAMEWORK_HEADER = YES;
				CLANG_WARN_RANGE_LOOP_ANALYSIS = YES;
				CLANG_WARN_STRICT_PROTOTYPES = YES;
				CLANG_WARN_SUSPICIOUS_MOVE = YES;
				CLANG_WARN_UNGUARDED_AVAILABILITY = YES_AGGRESSIVE;
				CLANG_WARN_UNREACHABLE_CODE = YES;
				CLANG_WARN__DUPLICATE_METHOD_MATCH = YES;
				COPY_PHASE_STRIP = NO;
				DEBUG_ACTIVITY_MODE = "";
				DEBUG_INFORMATION_FORMAT = "dwarf-with-dsym";
				ENABLE_NS_ASSERTIONS = NO;
				ENABLE_STRICT_OBJC_MSGSEND = YES;
				GCC_C_LANGUAGE_STANDARD = gnu11;
				GCC_NO_COMMON_BLOCKS = YES;
				GCC_WARN_64_TO_32_BIT_CONVERSION = YES;
				GCC_WARN_ABOUT_RETURN_TYPE = YES_ERROR;
				GCC_WARN_UNDECLARED_SELECTOR = YES;
				GCC_WARN_UNINITIALIZED_AUTOS = YES_AGGRESSIVE;
				GCC_WARN_UNUSED_FUNCTION = YES;
				GCC_WARN_UNUSED_VARIABLE = YES;
				IPHONEOS_DEPLOYMENT_TARGET = 15.1;
				MTL_ENABLE_DEBUG_INFO = NO;
				MTL_FAST_MATH = YES;
				SDKROOT = iphoneos;
				SWIFT_COMPILATION_MODE = wholemodule;
				SWIFT_OPTIMIZATION_LEVEL = "-O";
				VALIDATE_PRODUCT = YES;
			};
			name = Release;
		};
		87CCB7FE2911526C005A9553 /* Debug */ = {
			isa = XCBuildConfiguration;
			buildSettings = {
				ASSETCATALOG_COMPILER_APPICON_NAME = AppIcon;
				ASSETCATALOG_COMPILER_GLOBAL_ACCENT_COLOR_NAME = AccentColor;
				CODE_SIGN_STYLE = Automatic;
				CURRENT_PROJECT_VERSION = 1;
				DEVELOPMENT_ASSET_PATHS = "\"Uber/Preview Content\"";
				DEVELOPMENT_TEAM = 88MJ4S84C5;
				ENABLE_PREVIEWS = YES;
				GENERATE_INFOPLIST_FILE = YES;
				INFOPLIST_FILE = Uber/Info.plist;
				INFOPLIST_KEY_NSLocationWhenInUseUsageDescription = "Please allow us location";
				INFOPLIST_KEY_UIApplicationSceneManifest_Generation = YES;
				INFOPLIST_KEY_UIApplicationSupportsIndirectInputEvents = YES;
				INFOPLIST_KEY_UILaunchScreen_Generation = YES;
				INFOPLIST_KEY_UISupportedInterfaceOrientations_iPad = "UIInterfaceOrientationPortrait UIInterfaceOrientationPortraitUpsideDown UIInterfaceOrientationLandscapeLeft UIInterfaceOrientationLandscapeRight";
				INFOPLIST_KEY_UISupportedInterfaceOrientations_iPhone = "UIInterfaceOrientationPortrait UIInterfaceOrientationLandscapeLeft UIInterfaceOrientationLandscapeRight";
				LD_RUNPATH_SEARCH_PATHS = (
					"$(inherited)",
					"@executable_path/Frameworks",
				);
				MARKETING_VERSION = 1.0;
				PRODUCT_BUNDLE_IDENTIFIER = Angrale.Uber;
				PRODUCT_NAME = "$(TARGET_NAME)";
				SWIFT_EMIT_LOC_STRINGS = YES;
				SWIFT_VERSION = 5.0;
				TARGETED_DEVICE_FAMILY = "1,2";
			};
			name = Debug;
		};
		87CCB7FF2911526C005A9553 /* Release */ = {
			isa = XCBuildConfiguration;
			buildSettings = {
				ASSETCATALOG_COMPILER_APPICON_NAME = AppIcon;
				ASSETCATALOG_COMPILER_GLOBAL_ACCENT_COLOR_NAME = AccentColor;
				CODE_SIGN_STYLE = Automatic;
				CURRENT_PROJECT_VERSION = 1;
				DEVELOPMENT_ASSET_PATHS = "\"Uber/Preview Content\"";
				DEVELOPMENT_TEAM = 88MJ4S84C5;
				ENABLE_PREVIEWS = YES;
				GENERATE_INFOPLIST_FILE = YES;
				INFOPLIST_FILE = Uber/Info.plist;
				INFOPLIST_KEY_NSLocationWhenInUseUsageDescription = "Please allow us location";
				INFOPLIST_KEY_UIApplicationSceneManifest_Generation = YES;
				INFOPLIST_KEY_UIApplicationSupportsIndirectInputEvents = YES;
				INFOPLIST_KEY_UILaunchScreen_Generation = YES;
				INFOPLIST_KEY_UISupportedInterfaceOrientations_iPad = "UIInterfaceOrientationPortrait UIInterfaceOrientationPortraitUpsideDown UIInterfaceOrientationLandscapeLeft UIInterfaceOrientationLandscapeRight";
				INFOPLIST_KEY_UISupportedInterfaceOrientations_iPhone = "UIInterfaceOrientationPortrait UIInterfaceOrientationLandscapeLeft UIInterfaceOrientationLandscapeRight";
				LD_RUNPATH_SEARCH_PATHS = (
					"$(inherited)",
					"@executable_path/Frameworks",
				);
				MARKETING_VERSION = 1.0;
				PRODUCT_BUNDLE_IDENTIFIER = Angrale.Uber;
				PRODUCT_NAME = "$(TARGET_NAME)";
				SWIFT_EMIT_LOC_STRINGS = YES;
				SWIFT_VERSION = 5.0;
				TARGETED_DEVICE_FAMILY = "1,2";
			};
			name = Release;
		};
/* End XCBuildConfiguration section */

/* Begin XCConfigurationList section */
		87CCB7EA2911526B005A9553 /* Build configuration list for PBXProject "Uber" */ = {
			isa = XCConfigurationList;
			buildConfigurations = (
				87CCB7FB2911526C005A9553 /* Debug */,
				87CCB7FC2911526C005A9553 /* Release */,
			);
			defaultConfigurationIsVisible = 0;
			defaultConfigurationName = Release;
		};
		87CCB7FD2911526C005A9553 /* Build configuration list for PBXNativeTarget "Uber" */ = {
			isa = XCConfigurationList;
			buildConfigurations = (
				87CCB7FE2911526C005A9553 /* Debug */,
				87CCB7FF2911526C005A9553 /* Release */,
			);
			defaultConfigurationIsVisible = 0;
			defaultConfigurationName = Release;
		};
/* End XCConfigurationList section */
	};
	rootObject = 87CCB7E72911526B005A9553 /* Project object */;
}
